<?xml version="1.0" encoding="utf-8"?>
<Project ToolsVersion="4.0" xmlns="http://schemas.microsoft.com/developer/msbuild/2003">
  <ItemGroup>
    <Filter Include="Source Files">
      <UniqueIdentifier>{4FC737F1-C7A5-4376-A066-2A32D752A2FF}</UniqueIdentifier>
      <Extensions>cpp;c;cc;cxx;c++;cppm;ixx;def;odl;idl;hpj;bat;asm;asmx</Extensions>
    </Filter>
    <Filter Include="Header Files">
      <UniqueIdentifier>{93995380-89BD-4b04-88EB-625FBE52EBFB}</UniqueIdentifier>
      <Extensions>h;hh;hpp;hxx;h++;hm;inl;inc;ipp;xsd</Extensions>
    </Filter>
    <Filter Include="Resource Files">
      <UniqueIdentifier>{67DA6AB6-F800-4c08-8B7A-83BB121AAD01}</UniqueIdentifier>
      <Extensions>rc;ico;cur;bmp;dlg;rc2;rct;bin;rgs;gif;jpg;jpeg;jpe;resx;tiff;tif;png;wav;mfcribbon-ms</Extensions>
    </Filter>
  </ItemGroup>
  <ItemGroup>
    <ClInclude Include="Include\Engine\Math\GeometryGenerator.h">
      <Filter>Header Files</Filter>
    </ClInclude>
    <ClInclude Include="Include\Engine\Math\MathHelper.h">
      <Filter>Header Files</Filter>
    </ClInclude>
    <ClInclude Include="Include\Engine\Math\SimpleMath.h">
      <Filter>Header Files</Filter>
    </ClInclude>
    <ClInclude Include="Include\Engine\Render\FX\ParticleSystem.h">
      <Filter>Header Files</Filter>
    </ClInclude>
    <ClInclude Include="Include\Engine\Render\Gbuffer.h">
      <Filter>Header Files</Filter>
    </ClInclude>
    <ClInclude Include="Include\Engine\Render\IRenderTargetProvider.h">
      <Filter>Header Files</Filter>
    </ClInclude>
    <ClInclude Include="Include\Engine\Render\RenderingSystem.h">
      <Filter>Header Files</Filter>
    </ClInclude>
    <ClInclude Include="Include\Engine\Render\RenderItem.h">
      <Filter>Header Files</Filter>
    </ClInclude>
    <ClInclude Include="Include\Engine\Render\ShadowMap.h">
      <Filter>Header Files</Filter>
    </ClInclude>
    <ClInclude Include="Include\Engine\RHI\DX12\d3dx12.h">
      <Filter>Header Files</Filter>
    </ClInclude>
    <ClInclude Include="Include\Engine\RHI\DX12\DDS.h">
      <Filter>Header Files</Filter>
    </ClInclude>
    <ClInclude Include="Include\Engine\RHI\DX12\DDSTextureLoader.h">
      <Filter>Header Files</Filter>
    </ClInclude>
    <ClInclude Include="Include\Engine\RHI\DX12\DirectXHelpers.h">
      <Filter>Header Files</Filter>
    </ClInclude>
    <ClInclude Include="Include\Engine\RHI\DX12\FrameResource.h">
      <Filter>Header Files</Filter>
    </ClInclude>
    <ClInclude Include="Include\Engine\RHI\DX12\GraphicsMemory.h">
      <Filter>Header Files</Filter>
    </ClInclude>
    <ClInclude Include="Include\Engine\RHI\DX12\LinearAllocator.h">
      <Filter>Header Files</Filter>
    </ClInclude>
    <ClInclude Include="Include\Engine\RHI\DX12\LoaderHelpers.h">
      <Filter>Header Files</Filter>
    </ClInclude>
    <ClInclude Include="Include\Engine\RHI\DX12\pch.h">
      <Filter>Header Files</Filter>
    </ClInclude>
    <ClInclude Include="Include\Engine\RHI\DX12\PlatformHelpers.h">
      <Filter>Header Files</Filter>
    </ClInclude>
    <ClInclude Include="Include\Engine\RHI\DX12\ResourceUploadBatch.h">
      <Filter>Header Files</Filter>
    </ClInclude>
    <ClInclude Include="Include\Engine\RHI\DX12\stb_image.h">
      <Filter>Header Files</Filter>
    </ClInclude>
    <ClInclude Include="Include\Engine\RHI\DX12\UploadBuffer.h">
      <Filter>Header Files</Filter>
    </ClInclude>
    <ClInclude Include="Include\Engine\Scene\Camera.h">
      <Filter>Header Files</Filter>
    </ClInclude>
    <ClInclude Include="Extern\assimp\include\assimp\assimp\config.h">
      <Filter>Header Files</Filter>
    </ClInclude>
    <ClInclude Include="Extern\assimp\include\assimp\assimp\revision.h">
      <Filter>Header Files</Filter>
    </ClInclude>
    <ClInclude Include="Extern\assimp\include\assimp\Compiler\poppack1.h">
      <Filter>Header Files</Filter>
    </ClInclude>
    <ClInclude Include="Extern\assimp\include\assimp\Compiler\pstdint.h">
      <Filter>Header Files</Filter>
    </ClInclude>
    <ClInclude Include="Extern\assimp\include\assimp\Compiler\pushpack1.h">
      <Filter>Header Files</Filter>
    </ClInclude>
    <ClInclude Include="Extern\assimp\include\assimp\port\AndroidJNI\AndroidJNIIOSystem.h">
      <Filter>Header Files</Filter>
    </ClInclude>
    <ClInclude Include="Extern\assimp\include\assimp\port\AndroidJNI\BundledAssetIOSystem.h">
      <Filter>Header Files</Filter>
    </ClInclude>
    <ClInclude Include="Extern\assimp\include\assimp\aabb.h">
      <Filter>Header Files</Filter>
    </ClInclude>
    <ClInclude Include="Extern\assimp\include\assimp\ai_assert.h">
      <Filter>Header Files</Filter>
    </ClInclude>
    <ClInclude Include="Extern\assimp\include\assimp\anim.h">
      <Filter>Header Files</Filter>
    </ClInclude>
    <ClInclude Include="Extern\assimp\include\assimp\AssertHandler.h">
      <Filter>Header Files</Filter>
    </ClInclude>
    <ClInclude Include="Extern\assimp\include\assimp\Base64.hpp">
      <Filter>Header Files</Filter>
    </ClInclude>
    <ClInclude Include="Extern\assimp\include\assimp\BaseImporter.h">
      <Filter>Header Files</Filter>
    </ClInclude>
    <ClInclude Include="Extern\assimp\include\assimp\Bitmap.h">
      <Filter>Header Files</Filter>
    </ClInclude>
    <ClInclude Include="Extern\assimp\include\assimp\BlobIOSystem.h">
      <Filter>Header Files</Filter>
    </ClInclude>
    <ClInclude Include="Extern\assimp\include\assimp\ByteSwapper.h">
      <Filter>Header Files</Filter>
    </ClInclude>
    <ClInclude Include="Extern\assimp\include\assimp\camera.h">
      <Filter>Header Files</Filter>
    </ClInclude>
    <ClInclude Include="Extern\assimp\include\assimp\cexport.h">
      <Filter>Header Files</Filter>
    </ClInclude>
    <ClInclude Include="Extern\assimp\include\assimp\cfileio.h">
      <Filter>Header Files</Filter>
    </ClInclude>
    <ClInclude Include="Extern\assimp\include\assimp\cimport.h">
      <Filter>Header Files</Filter>
    </ClInclude>
    <ClInclude Include="Extern\assimp\include\assimp\ColladaMetaData.h">
      <Filter>Header Files</Filter>
    </ClInclude>
    <ClInclude Include="Extern\assimp\include\assimp\color4.h">
      <Filter>Header Files</Filter>
    </ClInclude>
    <ClInclude Include="Extern\assimp\include\assimp\commonMetaData.h">
      <Filter>Header Files</Filter>
    </ClInclude>
    <ClInclude Include="Extern\assimp\include\assimp\CreateAnimMesh.h">
      <Filter>Header Files</Filter>
    </ClInclude>
    <ClInclude Include="Extern\assimp\include\assimp\DefaultIOStream.h">
      <Filter>Header Files</Filter>
    </ClInclude>
    <ClInclude Include="Extern\assimp\include\assimp\DefaultIOSystem.h">
      <Filter>Header Files</Filter>
    </ClInclude>
    <ClInclude Include="Extern\assimp\include\assimp\DefaultLogger.hpp">
      <Filter>Header Files</Filter>
    </ClInclude>
    <ClInclude Include="Extern\assimp\include\assimp\defs.h">
      <Filter>Header Files</Filter>
    </ClInclude>
    <ClInclude Include="Extern\assimp\include\assimp\Exceptional.h">
      <Filter>Header Files</Filter>
    </ClInclude>
    <ClInclude Include="Extern\assimp\include\assimp\Exporter.hpp">
      <Filter>Header Files</Filter>
    </ClInclude>
    <ClInclude Include="Extern\assimp\include\assimp\fast_atof.h">
      <Filter>Header Files</Filter>
    </ClInclude>
    <ClInclude Include="Extern\assimp\include\assimp\GenericProperty.h">
      <Filter>Header Files</Filter>
    </ClInclude>
    <ClInclude Include="Extern\assimp\include\assimp\GltfMaterial.h">
      <Filter>Header Files</Filter>
    </ClInclude>
    <ClInclude Include="Extern\assimp\include\assimp\Hash.h">
      <Filter>Header Files</Filter>
    </ClInclude>
    <ClInclude Include="Extern\assimp\include\assimp\Importer.hpp">
      <Filter>Header Files</Filter>
    </ClInclude>
    <ClInclude Include="Extern\assimp\include\assimp\importerdesc.h">
      <Filter>Header Files</Filter>
    </ClInclude>
    <ClInclude Include="Extern\assimp\include\assimp\IOStream.hpp">
      <Filter>Header Files</Filter>
    </ClInclude>
    <ClInclude Include="Extern\assimp\include\assimp\IOStreamBuffer.h">
      <Filter>Header Files</Filter>
    </ClInclude>
    <ClInclude Include="Extern\assimp\include\assimp\IOSystem.hpp">
      <Filter>Header Files</Filter>
    </ClInclude>
    <ClInclude Include="Extern\assimp\include\assimp\light.h">
      <Filter>Header Files</Filter>
    </ClInclude>
    <ClInclude Include="Extern\assimp\include\assimp\LineSplitter.h">
      <Filter>Header Files</Filter>
    </ClInclude>
    <ClInclude Include="Extern\assimp\include\assimp\LogAux.h">
      <Filter>Header Files</Filter>
    </ClInclude>
    <ClInclude Include="Extern\assimp\include\assimp\Logger.hpp">
      <Filter>Header Files</Filter>
    </ClInclude>
    <ClInclude Include="Extern\assimp\include\assimp\LogStream.hpp">
      <Filter>Header Files</Filter>
    </ClInclude>
    <ClInclude Include="Extern\assimp\include\assimp\material.h">
      <Filter>Header Files</Filter>
    </ClInclude>
    <ClInclude Include="Extern\assimp\include\assimp\MathFunctions.h">
      <Filter>Header Files</Filter>
    </ClInclude>
    <ClInclude Include="Extern\assimp\include\assimp\matrix3x3.h">
      <Filter>Header Files</Filter>
    </ClInclude>
    <ClInclude Include="Extern\assimp\include\assimp\matrix4x4.h">
      <Filter>Header Files</Filter>
    </ClInclude>
    <ClInclude Include="Extern\assimp\include\assimp\MemoryIOWrapper.h">
      <Filter>Header Files</Filter>
    </ClInclude>
    <ClInclude Include="Extern\assimp\include\assimp\mesh.h">
      <Filter>Header Files</Filter>
    </ClInclude>
    <ClInclude Include="Extern\assimp\include\assimp\metadata.h">
      <Filter>Header Files</Filter>
    </ClInclude>
    <ClInclude Include="Extern\assimp\include\assimp\NullLogger.hpp">
      <Filter>Header Files</Filter>
    </ClInclude>
    <ClInclude Include="Extern\assimp\include\assimp\ObjMaterial.h">
      <Filter>Header Files</Filter>
    </ClInclude>
    <ClInclude Include="Extern\assimp\include\assimp\ParsingUtils.h">
      <Filter>Header Files</Filter>
    </ClInclude>
    <ClInclude Include="Extern\assimp\include\assimp\pbrmaterial.h">
      <Filter>Header Files</Filter>
    </ClInclude>
    <ClInclude Include="Extern\assimp\include\assimp\postprocess.h">
      <Filter>Header Files</Filter>
    </ClInclude>
    <ClInclude Include="Extern\assimp\include\assimp\Profiler.h">
      <Filter>Header Files</Filter>
    </ClInclude>
    <ClInclude Include="Extern\assimp\include\assimp\ProgressHandler.hpp">
      <Filter>Header Files</Filter>
    </ClInclude>
    <ClInclude Include="Extern\assimp\include\assimp\qnan.h">
      <Filter>Header Files</Filter>
    </ClInclude>
    <ClInclude Include="Extern\assimp\include\assimp\quaternion.h">
      <Filter>Header Files</Filter>
    </ClInclude>
    <ClInclude Include="Extern\assimp\include\assimp\RemoveComments.h">
      <Filter>Header Files</Filter>
    </ClInclude>
    <ClInclude Include="Extern\assimp\include\assimp\scene.h">
      <Filter>Header Files</Filter>
    </ClInclude>
    <ClInclude Include="Extern\assimp\include\assimp\SceneCombiner.h">
      <Filter>Header Files</Filter>
    </ClInclude>
    <ClInclude Include="Extern\assimp\include\assimp\SGSpatialSort.h">
      <Filter>Header Files</Filter>
    </ClInclude>
    <ClInclude Include="Extern\assimp\include\assimp\SkeletonMeshBuilder.h">
      <Filter>Header Files</Filter>
    </ClInclude>
    <ClInclude Include="Extern\assimp\include\assimp\SmallVector.h">
      <Filter>Header Files</Filter>
    </ClInclude>
    <ClInclude Include="Extern\assimp\include\assimp\SmoothingGroups.h">
      <Filter>Header Files</Filter>
    </ClInclude>
    <ClInclude Include="Extern\assimp\include\assimp\SpatialSort.h">
      <Filter>Header Files</Filter>
    </ClInclude>
    <ClInclude Include="Extern\assimp\include\assimp\StandardShapes.h">
      <Filter>Header Files</Filter>
    </ClInclude>
    <ClInclude Include="Extern\assimp\include\assimp\StreamReader.h">
      <Filter>Header Files</Filter>
    </ClInclude>
    <ClInclude Include="Extern\assimp\include\assimp\StreamWriter.h">
      <Filter>Header Files</Filter>
    </ClInclude>
    <ClInclude Include="Extern\assimp\include\assimp\StringComparison.h">
      <Filter>Header Files</Filter>
    </ClInclude>
    <ClInclude Include="Extern\assimp\include\assimp\StringUtils.h">
      <Filter>Header Files</Filter>
    </ClInclude>
    <ClInclude Include="Extern\assimp\include\assimp\Subdivision.h">
      <Filter>Header Files</Filter>
    </ClInclude>
    <ClInclude Include="Extern\assimp\include\assimp\texture.h">
      <Filter>Header Files</Filter>
    </ClInclude>
    <ClInclude Include="Extern\assimp\include\assimp\TinyFormatter.h">
      <Filter>Header Files</Filter>
    </ClInclude>
    <ClInclude Include="Extern\assimp\include\assimp\types.h">
      <Filter>Header Files</Filter>
    </ClInclude>
    <ClInclude Include="Extern\assimp\include\assimp\vector2.h">
      <Filter>Header Files</Filter>
    </ClInclude>
    <ClInclude Include="Extern\assimp\include\assimp\vector3.h">
      <Filter>Header Files</Filter>
    </ClInclude>
    <ClInclude Include="Extern\assimp\include\assimp\version.h">
      <Filter>Header Files</Filter>
    </ClInclude>
    <ClInclude Include="Extern\assimp\include\assimp\Vertex.h">
      <Filter>Header Files</Filter>
    </ClInclude>
    <ClInclude Include="Extern\assimp\include\assimp\XmlParser.h">
      <Filter>Header Files</Filter>
    </ClInclude>
    <ClInclude Include="Extern\assimp\include\assimp\XMLTools.h">
      <Filter>Header Files</Filter>
    </ClInclude>
    <ClInclude Include="Extern\assimp\include\assimp\ZipArchiveIOSystem.h">
      <Filter>Header Files</Filter>
    </ClInclude>
    <ClInclude Include="Include\Engine\Terrain\TerrainQuadTree.h">
      <Filter>Header Files</Filter>
    </ClInclude>
    <ClInclude Include="Include\Engine\Terrain\TerrainTile.h">
      <Filter>Header Files</Filter>
    </ClInclude>
    <ClInclude Include="Include\Engine\Terrain\TerrainRenderer.h">
      <Filter>Header Files</Filter>
    </ClInclude>
    <ClInclude Include="Include\Engine\Core\d3d12.h">
      <Filter>Header Files</Filter>
    </ClInclude>
    <ClInclude Include="Include\Engine\Core\DxException.h">
      <Filter>Header Files</Filter>
    </ClInclude>
    <ClInclude Include="Include\Engine\Core\GameTimer.h">
      <Filter>Header Files</Filter>
    </ClInclude>
    <ClInclude Include="Include\Engine\Core\OctTree.h">
      <Filter>Header Files</Filter>
    </ClInclude>
    <ClInclude Include="Extern\DirectXTex\include\DirectXTex\BC.h">
      <Filter>Header Files</Filter>
    </ClInclude>
    <ClInclude Include="Extern\DirectXTex\include\DirectXTex\BCDirectCompute.h">
      <Filter>Header Files</Filter>
    </ClInclude>
    <ClInclude Include="Extern\DirectXTex\include\DirectXTex\DDS.h">
      <Filter>Header Files</Filter>
    </ClInclude>
    <ClInclude Include="Extern\DirectXTex\include\DirectXTex\DirectXTex.h">
      <Filter>Header Files</Filter>
    </ClInclude>
    <ClInclude Include="Extern\DirectXTex\include\DirectXTex\DirectXTexP.h">
      <Filter>Header Files</Filter>
    </ClInclude>
    <ClInclude Include="Extern\DirectXTex\include\DirectXTex\filters.h">
      <Filter>Header Files</Filter>
    </ClInclude>
    <ClInclude Include="Extern\DirectXTex\include\DirectXTex\scoped.h">
      <Filter>Header Files</Filter>
    </ClInclude>
    <ClInclude Include="Include\Engine\Terrain\TerrainImporter.h">
      <Filter>Source Files</Filter>
    </ClInclude>
    <ClInclude Include="Include\Engine\Render\Descriptors.h">
      <Filter>Header Files</Filter>
    </ClInclude>
    <ClInclude Include="Include\Engine\Debug\DebugRenderSysImpl.h">
      <Filter>Header Files</Filter>
    </ClInclude>
    <ClInclude Include="Include\Engine\Core\d3dUtil.h">
      <Filter>Header Files</Filter>
    </ClInclude>
    <ClInclude Include="Include\Engine\IO\TextureImporter.h">
      <Filter>Header Files</Filter>
    </ClInclude>
    <ClInclude Include="Include\Engine\Noise\NoiseGenerator.h">
      <Filter>Header Files</Filter>
    </ClInclude>
    <ClInclude Include="Extern\FideltyFX\ffx-api\include\ffx_api\dx12\ffx_api_dx12.h">
      <Filter>Header Files</Filter>
    </ClInclude>
    <ClInclude Include="Extern\FideltyFX\ffx-api\include\ffx_api\dx12\ffx_api_dx12.hpp">
      <Filter>Header Files</Filter>
    </ClInclude>
    <ClInclude Include="Extern\FideltyFX\ffx-api\include\ffx_api\ffx_api.h">
      <Filter>Header Files</Filter>
    </ClInclude>
    <ClInclude Include="Extern\FideltyFX\ffx-api\include\ffx_api\ffx_api.hpp">
      <Filter>Header Files</Filter>
    </ClInclude>
    <ClInclude Include="Extern\FideltyFX\ffx-api\include\ffx_api\ffx_api_loader.h">
      <Filter>Header Files</Filter>
    </ClInclude>
    <ClInclude Include="Extern\FideltyFX\ffx-api\include\ffx_api\ffx_api_types.h">
      <Filter>Header Files</Filter>
    </ClInclude>
    <ClInclude Include="Extern\FideltyFX\ffx-api\include\ffx_api\ffx_framegeneration.h">
      <Filter>Header Files</Filter>
    </ClInclude>
    <ClInclude Include="Extern\FideltyFX\ffx-api\include\ffx_api\ffx_framegeneration.hpp">
      <Filter>Header Files</Filter>
    </ClInclude>
    <ClInclude Include="Extern\FideltyFX\ffx-api\include\ffx_api\ffx_upscale.h">
      <Filter>Header Files</Filter>
    </ClInclude>
    <ClInclude Include="Extern\FideltyFX\ffx-api\include\ffx_api\ffx_upscale.hpp">
      <Filter>Header Files</Filter>
    </ClInclude>
    <ClInclude Include="Extern\FideltyFX\sdk\include\FidelityFX\gpu\blur\ffx_blur.h">
      <Filter>Header Files</Filter>
    </ClInclude>
    <ClInclude Include="Extern\FideltyFX\sdk\include\FidelityFX\gpu\blur\ffx_blur_blur.h">
      <Filter>Header Files</Filter>
    </ClInclude>
    <ClInclude Include="Extern\FideltyFX\sdk\include\FidelityFX\gpu\blur\ffx_blur_callbacks_glsl.h">
      <Filter>Header Files</Filter>
    </ClInclude>
    <ClInclude Include="Extern\FideltyFX\sdk\include\FidelityFX\gpu\blur\ffx_blur_callbacks_hlsl.h">
      <Filter>Header Files</Filter>
    </ClInclude>
    <ClInclude Include="Extern\FideltyFX\sdk\include\FidelityFX\gpu\blur\ffx_blur_resources.h">
      <Filter>Header Files</Filter>
    </ClInclude>
    <ClInclude Include="Extern\FideltyFX\sdk\include\FidelityFX\gpu\brixelizer\ffx_brixelizer_brick_common.h">
      <Filter>Header Files</Filter>
    </ClInclude>
    <ClInclude Include="Extern\FideltyFX\sdk\include\FidelityFX\gpu\brixelizer\ffx_brixelizer_brick_common_private.h">
      <Filter>Header Files</Filter>
    </ClInclude>
    <ClInclude Include="Extern\FideltyFX\sdk\include\FidelityFX\gpu\brixelizer\ffx_brixelizer_build_common.h">
      <Filter>Header Files</Filter>
    </ClInclude>
    <ClInclude Include="Extern\FideltyFX\sdk\include\FidelityFX\gpu\brixelizer\ffx_brixelizer_callbacks_glsl.h">
      <Filter>Header Files</Filter>
    </ClInclude>
    <ClInclude Include="Extern\FideltyFX\sdk\include\FidelityFX\gpu\brixelizer\ffx_brixelizer_callbacks_hlsl.h">
      <Filter>Header Files</Filter>
    </ClInclude>
    <ClInclude Include="Extern\FideltyFX\sdk\include\FidelityFX\gpu\brixelizer\ffx_brixelizer_cascade_ops.h">
      <Filter>Header Files</Filter>
    </ClInclude>
    <ClInclude Include="Extern\FideltyFX\sdk\include\FidelityFX\gpu\brixelizer\ffx_brixelizer_common.h">
      <Filter>Header Files</Filter>
    </ClInclude>
    <ClInclude Include="Extern\FideltyFX\sdk\include\FidelityFX\gpu\brixelizer\ffx_brixelizer_common_private.h">
      <Filter>Header Files</Filter>
    </ClInclude>
    <ClInclude Include="Extern\FideltyFX\sdk\include\FidelityFX\gpu\brixelizer\ffx_brixelizer_context_ops.h">
      <Filter>Header Files</Filter>
    </ClInclude>
    <ClInclude Include="Extern\FideltyFX\sdk\include\FidelityFX\gpu\brixelizer\ffx_brixelizer_debug_aabbs.h">
      <Filter>Header Files</Filter>
    </ClInclude>
    <ClInclude Include="Extern\FideltyFX\sdk\include\FidelityFX\gpu\brixelizer\ffx_brixelizer_debug_visualization.h">
      <Filter>Header Files</Filter>
    </ClInclude>
    <ClInclude Include="Extern\FideltyFX\sdk\include\FidelityFX\gpu\brixelizer\ffx_brixelizer_host_gpu_shared.h">
      <Filter>Header Files</Filter>
    </ClInclude>
    <ClInclude Include="Extern\FideltyFX\sdk\include\FidelityFX\gpu\brixelizer\ffx_brixelizer_host_gpu_shared_private.h">
      <Filter>Header Files</Filter>
    </ClInclude>
    <ClInclude Include="Extern\FideltyFX\sdk\include\FidelityFX\gpu\brixelizer\ffx_brixelizer_mesh_common.h">
      <Filter>Header Files</Filter>
    </ClInclude>
    <ClInclude Include="Extern\FideltyFX\sdk\include\FidelityFX\gpu\brixelizer\ffx_brixelizer_resources.h">
      <Filter>Header Files</Filter>
    </ClInclude>
    <ClInclude Include="Extern\FideltyFX\sdk\include\FidelityFX\gpu\brixelizer\ffx_brixelizer_trace_ops.h">
      <Filter>Header Files</Filter>
    </ClInclude>
    <ClInclude Include="Extern\FideltyFX\sdk\include\FidelityFX\gpu\brixelizergi\ffx_brixelizergi_callbacks_glsl.h">
      <Filter>Header Files</Filter>
    </ClInclude>
    <ClInclude Include="Extern\FideltyFX\sdk\include\FidelityFX\gpu\brixelizergi\ffx_brixelizergi_callbacks_hlsl.h">
      <Filter>Header Files</Filter>
    </ClInclude>
    <ClInclude Include="Extern\FideltyFX\sdk\include\FidelityFX\gpu\brixelizergi\ffx_brixelizergi_common.h">
      <Filter>Header Files</Filter>
    </ClInclude>
    <ClInclude Include="Extern\FideltyFX\sdk\include\FidelityFX\gpu\brixelizergi\ffx_brixelizergi_host_interface.h">
      <Filter>Header Files</Filter>
    </ClInclude>
    <ClInclude Include="Extern\FideltyFX\sdk\include\FidelityFX\gpu\brixelizergi\ffx_brixelizergi_main.h">
      <Filter>Header Files</Filter>
    </ClInclude>
    <ClInclude Include="Extern\FideltyFX\sdk\include\FidelityFX\gpu\brixelizergi\ffx_brixelizergi_probe_shading.h">
      <Filter>Header Files</Filter>
    </ClInclude>
    <ClInclude Include="Extern\FideltyFX\sdk\include\FidelityFX\gpu\brixelizergi\ffx_brixelizergi_radiance_cache_update.h">
      <Filter>Header Files</Filter>
    </ClInclude>
    <ClInclude Include="Extern\FideltyFX\sdk\include\FidelityFX\gpu\brixelizergi\ffx_brixelizergi_resources.h">
      <Filter>Header Files</Filter>
    </ClInclude>
    <ClInclude Include="Extern\FideltyFX\sdk\include\FidelityFX\gpu\cacao\ffx_cacao_apply.h">
      <Filter>Header Files</Filter>
    </ClInclude>
    <ClInclude Include="Extern\FideltyFX\sdk\include\FidelityFX\gpu\cacao\ffx_cacao_callbacks_glsl.h">
      <Filter>Header Files</Filter>
    </ClInclude>
    <ClInclude Include="Extern\FideltyFX\sdk\include\FidelityFX\gpu\cacao\ffx_cacao_callbacks_hlsl.h">
      <Filter>Header Files</Filter>
    </ClInclude>
    <ClInclude Include="Extern\FideltyFX\sdk\include\FidelityFX\gpu\cacao\ffx_cacao_defines.h">
      <Filter>Header Files</Filter>
    </ClInclude>
    <ClInclude Include="Extern\FideltyFX\sdk\include\FidelityFX\gpu\cacao\ffx_cacao_edge_sensitive_blur.h">
      <Filter>Header Files</Filter>
    </ClInclude>
    <ClInclude Include="Extern\FideltyFX\sdk\include\FidelityFX\gpu\cacao\ffx_cacao_importance_map.h">
      <Filter>Header Files</Filter>
    </ClInclude>
    <ClInclude Include="Extern\FideltyFX\sdk\include\FidelityFX\gpu\cacao\ffx_cacao_prepare.h">
      <Filter>Header Files</Filter>
    </ClInclude>
    <ClInclude Include="Extern\FideltyFX\sdk\include\FidelityFX\gpu\cacao\ffx_cacao_resources.h">
      <Filter>Header Files</Filter>
    </ClInclude>
    <ClInclude Include="Extern\FideltyFX\sdk\include\FidelityFX\gpu\cacao\ffx_cacao_ssao_generation.h">
      <Filter>Header Files</Filter>
    </ClInclude>
    <ClInclude Include="Extern\FideltyFX\sdk\include\FidelityFX\gpu\cacao\ffx_cacao_upscale.h">
      <Filter>Header Files</Filter>
    </ClInclude>
    <ClInclude Include="Extern\FideltyFX\sdk\include\FidelityFX\gpu\cacao\ffx_cacao_utils.h">
      <Filter>Header Files</Filter>
    </ClInclude>
    <ClInclude Include="Extern\FideltyFX\sdk\include\FidelityFX\gpu\cas\ffx_cas.h">
      <Filter>Header Files</Filter>
    </ClInclude>
    <ClInclude Include="Extern\FideltyFX\sdk\include\FidelityFX\gpu\cas\ffx_cas_callbacks_glsl.h">
      <Filter>Header Files</Filter>
    </ClInclude>
    <ClInclude Include="Extern\FideltyFX\sdk\include\FidelityFX\gpu\cas\ffx_cas_callbacks_hlsl.h">
      <Filter>Header Files</Filter>
    </ClInclude>
    <ClInclude Include="Extern\FideltyFX\sdk\include\FidelityFX\gpu\cas\ffx_cas_resources.h">
      <Filter>Header Files</Filter>
    </ClInclude>
    <ClInclude Include="Extern\FideltyFX\sdk\include\FidelityFX\gpu\cas\ffx_cas_sharpen.h">
      <Filter>Header Files</Filter>
    </ClInclude>
    <ClInclude Include="Extern\FideltyFX\sdk\include\FidelityFX\gpu\classifier\ffx_classifier_common.h">
      <Filter>Header Files</Filter>
    </ClInclude>
    <ClInclude Include="Extern\FideltyFX\sdk\include\FidelityFX\gpu\classifier\ffx_classifier_reflections.h">
      <Filter>Header Files</Filter>
    </ClInclude>
    <ClInclude Include="Extern\FideltyFX\sdk\include\FidelityFX\gpu\classifier\ffx_classifier_reflections_callbacks_glsl.h">
      <Filter>Header Files</Filter>
    </ClInclude>
    <ClInclude Include="Extern\FideltyFX\sdk\include\FidelityFX\gpu\classifier\ffx_classifier_reflections_callbacks_hlsl.h">
      <Filter>Header Files</Filter>
    </ClInclude>
    <ClInclude Include="Extern\FideltyFX\sdk\include\FidelityFX\gpu\classifier\ffx_classifier_reflections_common.h">
      <Filter>Header Files</Filter>
    </ClInclude>
    <ClInclude Include="Extern\FideltyFX\sdk\include\FidelityFX\gpu\classifier\ffx_classifier_resources.h">
      <Filter>Header Files</Filter>
    </ClInclude>
    <ClInclude Include="Extern\FideltyFX\sdk\include\FidelityFX\gpu\classifier\ffx_classifier_shadows.h">
      <Filter>Header Files</Filter>
    </ClInclude>
    <ClInclude Include="Extern\FideltyFX\sdk\include\FidelityFX\gpu\classifier\ffx_classifier_shadows_callbacks_glsl.h">
      <Filter>Header Files</Filter>
    </ClInclude>
    <ClInclude Include="Extern\FideltyFX\sdk\include\FidelityFX\gpu\classifier\ffx_classifier_shadows_callbacks_hlsl.h">
      <Filter>Header Files</Filter>
    </ClInclude>
    <ClInclude Include="Extern\FideltyFX\sdk\include\FidelityFX\gpu\denoiser\ffx_denoiser_reflections_callbacks_glsl.h">
      <Filter>Header Files</Filter>
    </ClInclude>
    <ClInclude Include="Extern\FideltyFX\sdk\include\FidelityFX\gpu\denoiser\ffx_denoiser_reflections_callbacks_hlsl.h">
      <Filter>Header Files</Filter>
    </ClInclude>
    <ClInclude Include="Extern\FideltyFX\sdk\include\FidelityFX\gpu\denoiser\ffx_denoiser_reflections_common.h">
      <Filter>Header Files</Filter>
    </ClInclude>
    <ClInclude Include="Extern\FideltyFX\sdk\include\FidelityFX\gpu\denoiser\ffx_denoiser_reflections_config.h">
      <Filter>Header Files</Filter>
    </ClInclude>
    <ClInclude Include="Extern\FideltyFX\sdk\include\FidelityFX\gpu\denoiser\ffx_denoiser_reflections_prefilter.h">
      <Filter>Header Files</Filter>
    </ClInclude>
    <ClInclude Include="Extern\FideltyFX\sdk\include\FidelityFX\gpu\denoiser\ffx_denoiser_reflections_reproject.h">
      <Filter>Header Files</Filter>
    </ClInclude>
    <ClInclude Include="Extern\FideltyFX\sdk\include\FidelityFX\gpu\denoiser\ffx_denoiser_reflections_resolve_temporal.h">
      <Filter>Header Files</Filter>
    </ClInclude>
    <ClInclude Include="Extern\FideltyFX\sdk\include\FidelityFX\gpu\denoiser\ffx_denoiser_resources.h">
      <Filter>Header Files</Filter>
    </ClInclude>
    <ClInclude Include="Extern\FideltyFX\sdk\include\FidelityFX\gpu\denoiser\ffx_denoiser_shadows_callbacks_glsl.h">
      <Filter>Header Files</Filter>
    </ClInclude>
    <ClInclude Include="Extern\FideltyFX\sdk\include\FidelityFX\gpu\denoiser\ffx_denoiser_shadows_callbacks_hlsl.h">
      <Filter>Header Files</Filter>
    </ClInclude>
    <ClInclude Include="Extern\FideltyFX\sdk\include\FidelityFX\gpu\denoiser\ffx_denoiser_shadows_filter.h">
      <Filter>Header Files</Filter>
    </ClInclude>
    <ClInclude Include="Extern\FideltyFX\sdk\include\FidelityFX\gpu\denoiser\ffx_denoiser_shadows_prepare.h">
      <Filter>Header Files</Filter>
    </ClInclude>
    <ClInclude Include="Extern\FideltyFX\sdk\include\FidelityFX\gpu\denoiser\ffx_denoiser_shadows_tileclassification.h">
      <Filter>Header Files</Filter>
    </ClInclude>
    <ClInclude Include="Extern\FideltyFX\sdk\include\FidelityFX\gpu\denoiser\ffx_denoiser_shadows_util.h">
      <Filter>Header Files</Filter>
    </ClInclude>
    <ClInclude Include="Extern\FideltyFX\sdk\include\FidelityFX\gpu\dof\ffx_dof_blur.h">
      <Filter>Header Files</Filter>
    </ClInclude>
    <ClInclude Include="Extern\FideltyFX\sdk\include\FidelityFX\gpu\dof\ffx_dof_callbacks_glsl.h">
      <Filter>Header Files</Filter>
    </ClInclude>
    <ClInclude Include="Extern\FideltyFX\sdk\include\FidelityFX\gpu\dof\ffx_dof_callbacks_hlsl.h">
      <Filter>Header Files</Filter>
    </ClInclude>
    <ClInclude Include="Extern\FideltyFX\sdk\include\FidelityFX\gpu\dof\ffx_dof_common.h">
      <Filter>Header Files</Filter>
    </ClInclude>
    <ClInclude Include="Extern\FideltyFX\sdk\include\FidelityFX\gpu\dof\ffx_dof_composite.h">
      <Filter>Header Files</Filter>
    </ClInclude>
    <ClInclude Include="Extern\FideltyFX\sdk\include\FidelityFX\gpu\dof\ffx_dof_dilate_depth.h">
      <Filter>Header Files</Filter>
    </ClInclude>
    <ClInclude Include="Extern\FideltyFX\sdk\include\FidelityFX\gpu\dof\ffx_dof_downsample_color.h">
      <Filter>Header Files</Filter>
    </ClInclude>
    <ClInclude Include="Extern\FideltyFX\sdk\include\FidelityFX\gpu\dof\ffx_dof_downsample_depth.h">
      <Filter>Header Files</Filter>
    </ClInclude>
    <ClInclude Include="Extern\FideltyFX\sdk\include\FidelityFX\gpu\dof\ffx_dof_resources.h">
      <Filter>Header Files</Filter>
    </ClInclude>
    <ClInclude Include="Extern\FideltyFX\sdk\include\FidelityFX\gpu\frameinterpolation\ffx_frameinterpolation.h">
      <Filter>Header Files</Filter>
    </ClInclude>
    <ClInclude Include="Extern\FideltyFX\sdk\include\FidelityFX\gpu\frameinterpolation\ffx_frameinterpolation_callbacks_glsl.h">
      <Filter>Header Files</Filter>
    </ClInclude>
    <ClInclude Include="Extern\FideltyFX\sdk\include\FidelityFX\gpu\frameinterpolation\ffx_frameinterpolation_callbacks_hlsl.h">
      <Filter>Header Files</Filter>
    </ClInclude>
    <ClInclude Include="Extern\FideltyFX\sdk\include\FidelityFX\gpu\frameinterpolation\ffx_frameinterpolation_common.h">
      <Filter>Header Files</Filter>
    </ClInclude>
    <ClInclude Include="Extern\FideltyFX\sdk\include\FidelityFX\gpu\frameinterpolation\ffx_frameinterpolation_compute_game_vector_field_inpainting_pyramid.h">
      <Filter>Header Files</Filter>
    </ClInclude>
    <ClInclude Include="Extern\FideltyFX\sdk\include\FidelityFX\gpu\frameinterpolation\ffx_frameinterpolation_compute_inpainting_pyramid.h">
      <Filter>Header Files</Filter>
    </ClInclude>
    <ClInclude Include="Extern\FideltyFX\sdk\include\FidelityFX\gpu\frameinterpolation\ffx_frameinterpolation_debug_view.h">
      <Filter>Header Files</Filter>
    </ClInclude>
    <ClInclude Include="Extern\FideltyFX\sdk\include\FidelityFX\gpu\frameinterpolation\ffx_frameinterpolation_disocclusion_mask.h">
      <Filter>Header Files</Filter>
    </ClInclude>
    <ClInclude Include="Extern\FideltyFX\sdk\include\FidelityFX\gpu\frameinterpolation\ffx_frameinterpolation_game_motion_vector_field.h">
      <Filter>Header Files</Filter>
    </ClInclude>
    <ClInclude Include="Extern\FideltyFX\sdk\include\FidelityFX\gpu\frameinterpolation\ffx_frameinterpolation_inpainting.h">
      <Filter>Header Files</Filter>
    </ClInclude>
    <ClInclude Include="Extern\FideltyFX\sdk\include\FidelityFX\gpu\frameinterpolation\ffx_frameinterpolation_optical_flow_vector_field.h">
      <Filter>Header Files</Filter>
    </ClInclude>
    <ClInclude Include="Extern\FideltyFX\sdk\include\FidelityFX\gpu\frameinterpolation\ffx_frameinterpolation_reconstruct_dilated_velocity_and_previous_depth.h">
      <Filter>Header Files</Filter>
    </ClInclude>
    <ClInclude Include="Extern\FideltyFX\sdk\include\FidelityFX\gpu\frameinterpolation\ffx_frameinterpolation_reconstruct_previous_depth.h">
      <Filter>Header Files</Filter>
    </ClInclude>
    <ClInclude Include="Extern\FideltyFX\sdk\include\FidelityFX\gpu\frameinterpolation\ffx_frameinterpolation_resources.h">
      <Filter>Header Files</Filter>
    </ClInclude>
    <ClInclude Include="Extern\FideltyFX\sdk\include\FidelityFX\gpu\frameinterpolation\ffx_frameinterpolation_setup.h">
      <Filter>Header Files</Filter>
    </ClInclude>
    <ClInclude Include="Extern\FideltyFX\sdk\include\FidelityFX\gpu\fsr1\ffx_fsr1.h">
      <Filter>Header Files</Filter>
    </ClInclude>
    <ClInclude Include="Extern\FideltyFX\sdk\include\FidelityFX\gpu\fsr1\ffx_fsr1_callbacks_glsl.h">
      <Filter>Header Files</Filter>
    </ClInclude>
    <ClInclude Include="Extern\FideltyFX\sdk\include\FidelityFX\gpu\fsr1\ffx_fsr1_callbacks_hlsl.h">
      <Filter>Header Files</Filter>
    </ClInclude>
    <ClInclude Include="Extern\FideltyFX\sdk\include\FidelityFX\gpu\fsr1\ffx_fsr1_easu.h">
      <Filter>Header Files</Filter>
    </ClInclude>
    <ClInclude Include="Extern\FideltyFX\sdk\include\FidelityFX\gpu\fsr1\ffx_fsr1_rcas.h">
      <Filter>Header Files</Filter>
    </ClInclude>
    <ClInclude Include="Extern\FideltyFX\sdk\include\FidelityFX\gpu\fsr1\ffx_fsr1_resources.h">
      <Filter>Header Files</Filter>
    </ClInclude>
    <ClInclude Include="Extern\FideltyFX\sdk\include\FidelityFX\gpu\fsr2\ffx_fsr2_accumulate.h">
      <Filter>Header Files</Filter>
    </ClInclude>
    <ClInclude Include="Extern\FideltyFX\sdk\include\FidelityFX\gpu\fsr2\ffx_fsr2_callbacks_glsl.h">
      <Filter>Header Files</Filter>
    </ClInclude>
    <ClInclude Include="Extern\FideltyFX\sdk\include\FidelityFX\gpu\fsr2\ffx_fsr2_callbacks_hlsl.h">
      <Filter>Header Files</Filter>
    </ClInclude>
    <ClInclude Include="Extern\FideltyFX\sdk\include\FidelityFX\gpu\fsr2\ffx_fsr2_common.h">
      <Filter>Header Files</Filter>
    </ClInclude>
    <ClInclude Include="Extern\FideltyFX\sdk\include\FidelityFX\gpu\fsr2\ffx_fsr2_compute_luminance_pyramid.h">
      <Filter>Header Files</Filter>
    </ClInclude>
    <ClInclude Include="Extern\FideltyFX\sdk\include\FidelityFX\gpu\fsr2\ffx_fsr2_depth_clip.h">
      <Filter>Header Files</Filter>
    </ClInclude>
    <ClInclude Include="Extern\FideltyFX\sdk\include\FidelityFX\gpu\fsr2\ffx_fsr2_lock.h">
      <Filter>Header Files</Filter>
    </ClInclude>
    <ClInclude Include="Extern\FideltyFX\sdk\include\FidelityFX\gpu\fsr2\ffx_fsr2_postprocess_lock_status.h">
      <Filter>Header Files</Filter>
    </ClInclude>
    <ClInclude Include="Extern\FideltyFX\sdk\include\FidelityFX\gpu\fsr2\ffx_fsr2_rcas.h">
      <Filter>Header Files</Filter>
    </ClInclude>
    <ClInclude Include="Extern\FideltyFX\sdk\include\FidelityFX\gpu\fsr2\ffx_fsr2_reconstruct_dilated_velocity_and_previous_depth.h">
      <Filter>Header Files</Filter>
    </ClInclude>
    <ClInclude Include="Extern\FideltyFX\sdk\include\FidelityFX\gpu\fsr2\ffx_fsr2_reproject.h">
      <Filter>Header Files</Filter>
    </ClInclude>
    <ClInclude Include="Extern\FideltyFX\sdk\include\FidelityFX\gpu\fsr2\ffx_fsr2_resources.h">
      <Filter>Header Files</Filter>
    </ClInclude>
    <ClInclude Include="Extern\FideltyFX\sdk\include\FidelityFX\gpu\fsr2\ffx_fsr2_sample.h">
      <Filter>Header Files</Filter>
    </ClInclude>
    <ClInclude Include="Extern\FideltyFX\sdk\include\FidelityFX\gpu\fsr2\ffx_fsr2_tcr_autogen.h">
      <Filter>Header Files</Filter>
    </ClInclude>
    <ClInclude Include="Extern\FideltyFX\sdk\include\FidelityFX\gpu\fsr2\ffx_fsr2_upsample.h">
      <Filter>Header Files</Filter>
    </ClInclude>
    <ClInclude Include="Extern\FideltyFX\sdk\include\FidelityFX\gpu\fsr3\ffx_fsr3_callbacks_hlsl.h">
      <Filter>Header Files</Filter>
    </ClInclude>
    <ClInclude Include="Extern\FideltyFX\sdk\include\FidelityFX\gpu\fsr3\ffx_fsr3_common.h">
      <Filter>Header Files</Filter>
    </ClInclude>
    <ClInclude Include="Extern\FideltyFX\sdk\include\FidelityFX\gpu\fsr3\ffx_fsr3_resources.h">
      <Filter>Header Files</Filter>
    </ClInclude>
    <ClInclude Include="Extern\FideltyFX\sdk\include\FidelityFX\gpu\fsr3upscaler\ffx_fsr3upscaler_accumulate.h">
      <Filter>Header Files</Filter>
    </ClInclude>
    <ClInclude Include="Extern\FideltyFX\sdk\include\FidelityFX\gpu\fsr3upscaler\ffx_fsr3upscaler_callbacks_glsl.h">
      <Filter>Header Files</Filter>
    </ClInclude>
    <ClInclude Include="Extern\FideltyFX\sdk\include\FidelityFX\gpu\fsr3upscaler\ffx_fsr3upscaler_callbacks_hlsl.h">
      <Filter>Header Files</Filter>
    </ClInclude>
    <ClInclude Include="Extern\FideltyFX\sdk\include\FidelityFX\gpu\fsr3upscaler\ffx_fsr3upscaler_common.h">
      <Filter>Header Files</Filter>
    </ClInclude>
    <ClInclude Include="Extern\FideltyFX\sdk\include\FidelityFX\gpu\fsr3upscaler\ffx_fsr3upscaler_debug_view.h">
      <Filter>Header Files</Filter>
    </ClInclude>
    <ClInclude Include="Extern\FideltyFX\sdk\include\FidelityFX\gpu\fsr3upscaler\ffx_fsr3upscaler_luma_instability.h">
      <Filter>Header Files</Filter>
    </ClInclude>
    <ClInclude Include="Extern\FideltyFX\sdk\include\FidelityFX\gpu\fsr3upscaler\ffx_fsr3upscaler_luma_pyramid.h">
      <Filter>Header Files</Filter>
    </ClInclude>
    <ClInclude Include="Extern\FideltyFX\sdk\include\FidelityFX\gpu\fsr3upscaler\ffx_fsr3upscaler_prepare_inputs.h">
      <Filter>Header Files</Filter>
    </ClInclude>
    <ClInclude Include="Extern\FideltyFX\sdk\include\FidelityFX\gpu\fsr3upscaler\ffx_fsr3upscaler_prepare_reactivity.h">
      <Filter>Header Files</Filter>
    </ClInclude>
    <ClInclude Include="Extern\FideltyFX\sdk\include\FidelityFX\gpu\fsr3upscaler\ffx_fsr3upscaler_rcas.h">
      <Filter>Header Files</Filter>
    </ClInclude>
    <ClInclude Include="Extern\FideltyFX\sdk\include\FidelityFX\gpu\fsr3upscaler\ffx_fsr3upscaler_reproject.h">
      <Filter>Header Files</Filter>
    </ClInclude>
    <ClInclude Include="Extern\FideltyFX\sdk\include\FidelityFX\gpu\fsr3upscaler\ffx_fsr3upscaler_resources.h">
      <Filter>Header Files</Filter>
    </ClInclude>
    <ClInclude Include="Extern\FideltyFX\sdk\include\FidelityFX\gpu\fsr3upscaler\ffx_fsr3upscaler_sample.h">
      <Filter>Header Files</Filter>
    </ClInclude>
    <ClInclude Include="Extern\FideltyFX\sdk\include\FidelityFX\gpu\fsr3upscaler\ffx_fsr3upscaler_shading_change.h">
      <Filter>Header Files</Filter>
    </ClInclude>
    <ClInclude Include="Extern\FideltyFX\sdk\include\FidelityFX\gpu\fsr3upscaler\ffx_fsr3upscaler_shading_change_pyramid.h">
      <Filter>Header Files</Filter>
    </ClInclude>
    <ClInclude Include="Extern\FideltyFX\sdk\include\FidelityFX\gpu\fsr3upscaler\ffx_fsr3upscaler_upsample.h">
      <Filter>Header Files</Filter>
    </ClInclude>
    <ClInclude Include="Extern\FideltyFX\sdk\include\FidelityFX\gpu\lens\ffx_lens.h">
      <Filter>Header Files</Filter>
    </ClInclude>
    <ClInclude Include="Extern\FideltyFX\sdk\include\FidelityFX\gpu\lens\ffx_lens_callbacks_glsl.h">
      <Filter>Header Files</Filter>
    </ClInclude>
    <ClInclude Include="Extern\FideltyFX\sdk\include\FidelityFX\gpu\lens\ffx_lens_callbacks_hlsl.h">
      <Filter>Header Files</Filter>
    </ClInclude>
    <ClInclude Include="Extern\FideltyFX\sdk\include\FidelityFX\gpu\lens\ffx_lens_resources.h">
      <Filter>Header Files</Filter>
    </ClInclude>
    <ClInclude Include="Extern\FideltyFX\sdk\include\FidelityFX\gpu\lpm\ffx_lpm.h">
      <Filter>Header Files</Filter>
    </ClInclude>
    <ClInclude Include="Extern\FideltyFX\sdk\include\FidelityFX\gpu\lpm\ffx_lpm_callbacks_glsl.h">
      <Filter>Header Files</Filter>
    </ClInclude>
    <ClInclude Include="Extern\FideltyFX\sdk\include\FidelityFX\gpu\lpm\ffx_lpm_callbacks_hlsl.h">
      <Filter>Header Files</Filter>
    </ClInclude>
    <ClInclude Include="Extern\FideltyFX\sdk\include\FidelityFX\gpu\lpm\ffx_lpm_filter.h">
      <Filter>Header Files</Filter>
    </ClInclude>
    <ClInclude Include="Extern\FideltyFX\sdk\include\FidelityFX\gpu\lpm\ffx_lpm_resources.h">
      <Filter>Header Files</Filter>
    </ClInclude>
    <ClInclude Include="Extern\FideltyFX\sdk\include\FidelityFX\gpu\opticalflow\ffx_opticalflow_callbacks_glsl.h">
      <Filter>Header Files</Filter>
    </ClInclude>
    <ClInclude Include="Extern\FideltyFX\sdk\include\FidelityFX\gpu\opticalflow\ffx_opticalflow_callbacks_hlsl.h">
      <Filter>Header Files</Filter>
    </ClInclude>
    <ClInclude Include="Extern\FideltyFX\sdk\include\FidelityFX\gpu\opticalflow\ffx_opticalflow_common.h">
      <Filter>Header Files</Filter>
    </ClInclude>
    <ClInclude Include="Extern\FideltyFX\sdk\include\FidelityFX\gpu\opticalflow\ffx_opticalflow_compute_luminance_pyramid.h">
      <Filter>Header Files</Filter>
    </ClInclude>
    <ClInclude Include="Extern\FideltyFX\sdk\include\FidelityFX\gpu\opticalflow\ffx_opticalflow_compute_optical_flow_v5.h">
      <Filter>Header Files</Filter>
    </ClInclude>
    <ClInclude Include="Extern\FideltyFX\sdk\include\FidelityFX\gpu\opticalflow\ffx_opticalflow_compute_scd_divergence.h">
      <Filter>Header Files</Filter>
    </ClInclude>
    <ClInclude Include="Extern\FideltyFX\sdk\include\FidelityFX\gpu\opticalflow\ffx_opticalflow_filter_optical_flow_v5.h">
      <Filter>Header Files</Filter>
    </ClInclude>
    <ClInclude Include="Extern\FideltyFX\sdk\include\FidelityFX\gpu\opticalflow\ffx_opticalflow_generate_scd_histogram.h">
      <Filter>Header Files</Filter>
    </ClInclude>
    <ClInclude Include="Extern\FideltyFX\sdk\include\FidelityFX\gpu\opticalflow\ffx_opticalflow_prepare_luma.h">
      <Filter>Header Files</Filter>
    </ClInclude>
    <ClInclude Include="Extern\FideltyFX\sdk\include\FidelityFX\gpu\opticalflow\ffx_opticalflow_resources.h">
      <Filter>Header Files</Filter>
    </ClInclude>
    <ClInclude Include="Extern\FideltyFX\sdk\include\FidelityFX\gpu\opticalflow\ffx_opticalflow_scale_optical_flow_advanced_v5.h">
      <Filter>Header Files</Filter>
    </ClInclude>
    <ClInclude Include="Extern\FideltyFX\sdk\include\FidelityFX\gpu\parallelsort\ffx_parallelsort.h">
      <Filter>Header Files</Filter>
    </ClInclude>
    <ClInclude Include="Extern\FideltyFX\sdk\include\FidelityFX\gpu\parallelsort\ffx_parallelsort_callbacks_glsl.h">
      <Filter>Header Files</Filter>
    </ClInclude>
    <ClInclude Include="Extern\FideltyFX\sdk\include\FidelityFX\gpu\parallelsort\ffx_parallelsort_callbacks_hlsl.h">
      <Filter>Header Files</Filter>
    </ClInclude>
    <ClInclude Include="Extern\FideltyFX\sdk\include\FidelityFX\gpu\parallelsort\ffx_parallelsort_common.h">
      <Filter>Header Files</Filter>
    </ClInclude>
    <ClInclude Include="Extern\FideltyFX\sdk\include\FidelityFX\gpu\parallelsort\ffx_parallelsort_reduce.h">
      <Filter>Header Files</Filter>
    </ClInclude>
    <ClInclude Include="Extern\FideltyFX\sdk\include\FidelityFX\gpu\parallelsort\ffx_parallelsort_resources.h">
      <Filter>Header Files</Filter>
    </ClInclude>
    <ClInclude Include="Extern\FideltyFX\sdk\include\FidelityFX\gpu\parallelsort\ffx_parallelsort_scan.h">
      <Filter>Header Files</Filter>
    </ClInclude>
    <ClInclude Include="Extern\FideltyFX\sdk\include\FidelityFX\gpu\parallelsort\ffx_parallelsort_scan_add.h">
      <Filter>Header Files</Filter>
    </ClInclude>
    <ClInclude Include="Extern\FideltyFX\sdk\include\FidelityFX\gpu\parallelsort\ffx_parallelsort_scatter.h">
      <Filter>Header Files</Filter>
    </ClInclude>
    <ClInclude Include="Extern\FideltyFX\sdk\include\FidelityFX\gpu\parallelsort\ffx_parallelsort_setup_indirect_args.h">
      <Filter>Header Files</Filter>
    </ClInclude>
    <ClInclude Include="Extern\FideltyFX\sdk\include\FidelityFX\gpu\parallelsort\ffx_parallelsort_sum.h">
      <Filter>Header Files</Filter>
    </ClInclude>
    <ClInclude Include="Extern\FideltyFX\sdk\include\FidelityFX\gpu\spd\ffx_spd.h">
      <Filter>Header Files</Filter>
    </ClInclude>
    <ClInclude Include="Extern\FideltyFX\sdk\include\FidelityFX\gpu\spd\ffx_spd_callbacks_glsl.h">
      <Filter>Header Files</Filter>
    </ClInclude>
    <ClInclude Include="Extern\FideltyFX\sdk\include\FidelityFX\gpu\spd\ffx_spd_callbacks_hlsl.h">
      <Filter>Header Files</Filter>
    </ClInclude>
    <ClInclude Include="Extern\FideltyFX\sdk\include\FidelityFX\gpu\spd\ffx_spd_downsample.h">
      <Filter>Header Files</Filter>
    </ClInclude>
    <ClInclude Include="Extern\FideltyFX\sdk\include\FidelityFX\gpu\spd\ffx_spd_resources.h">
      <Filter>Header Files</Filter>
    </ClInclude>
    <ClInclude Include="Extern\FideltyFX\sdk\include\FidelityFX\gpu\sssr\ffx_sssr_callbacks_glsl.h">
      <Filter>Header Files</Filter>
    </ClInclude>
    <ClInclude Include="Extern\FideltyFX\sdk\include\FidelityFX\gpu\sssr\ffx_sssr_callbacks_hlsl.h">
      <Filter>Header Files</Filter>
    </ClInclude>
    <ClInclude Include="Extern\FideltyFX\sdk\include\FidelityFX\gpu\sssr\ffx_sssr_classify_tiles.h">
      <Filter>Header Files</Filter>
    </ClInclude>
    <ClInclude Include="Extern\FideltyFX\sdk\include\FidelityFX\gpu\sssr\ffx_sssr_common.h">
      <Filter>Header Files</Filter>
    </ClInclude>
    <ClInclude Include="Extern\FideltyFX\sdk\include\FidelityFX\gpu\sssr\ffx_sssr_depth_downsample.h">
      <Filter>Header Files</Filter>
    </ClInclude>
    <ClInclude Include="Extern\FideltyFX\sdk\include\FidelityFX\gpu\sssr\ffx_sssr_intersect.h">
      <Filter>Header Files</Filter>
    </ClInclude>
    <ClInclude Include="Extern\FideltyFX\sdk\include\FidelityFX\gpu\sssr\ffx_sssr_prepare_blue_noise_texture.h">
      <Filter>Header Files</Filter>
    </ClInclude>
    <ClInclude Include="Extern\FideltyFX\sdk\include\FidelityFX\gpu\sssr\ffx_sssr_prepare_indirect_args.h">
      <Filter>Header Files</Filter>
    </ClInclude>
    <ClInclude Include="Extern\FideltyFX\sdk\include\FidelityFX\gpu\sssr\ffx_sssr_resources.h">
      <Filter>Header Files</Filter>
    </ClInclude>
    <ClInclude Include="Extern\FideltyFX\sdk\include\FidelityFX\gpu\vrs\ffx_variable_shading.h">
      <Filter>Header Files</Filter>
    </ClInclude>
    <ClInclude Include="Extern\FideltyFX\sdk\include\FidelityFX\gpu\vrs\ffx_vrs_callbacks_glsl.h">
      <Filter>Header Files</Filter>
    </ClInclude>
    <ClInclude Include="Extern\FideltyFX\sdk\include\FidelityFX\gpu\vrs\ffx_vrs_callbacks_hlsl.h">
      <Filter>Header Files</Filter>
    </ClInclude>
    <ClInclude Include="Extern\FideltyFX\sdk\include\FidelityFX\gpu\vrs\ffx_vrs_resources.h">
      <Filter>Header Files</Filter>
    </ClInclude>
    <ClInclude Include="Extern\FideltyFX\sdk\include\FidelityFX\gpu\ffx_common_types.h">
      <Filter>Header Files</Filter>
    </ClInclude>
    <ClInclude Include="Extern\FideltyFX\sdk\include\FidelityFX\gpu\ffx_core.h">
      <Filter>Header Files</Filter>
    </ClInclude>
    <ClInclude Include="Extern\FideltyFX\sdk\include\FidelityFX\gpu\ffx_core_cpu.h">
      <Filter>Header Files</Filter>
    </ClInclude>
    <ClInclude Include="Extern\FideltyFX\sdk\include\FidelityFX\gpu\ffx_core_glsl.h">
      <Filter>Header Files</Filter>
    </ClInclude>
    <ClInclude Include="Extern\FideltyFX\sdk\include\FidelityFX\gpu\ffx_core_gpu_common.h">
      <Filter>Header Files</Filter>
    </ClInclude>
    <ClInclude Include="Extern\FideltyFX\sdk\include\FidelityFX\gpu\ffx_core_gpu_common_half.h">
      <Filter>Header Files</Filter>
    </ClInclude>
    <ClInclude Include="Extern\FideltyFX\sdk\include\FidelityFX\gpu\ffx_core_hlsl.h">
      <Filter>Header Files</Filter>
    </ClInclude>
    <ClInclude Include="Extern\FideltyFX\sdk\include\FidelityFX\gpu\ffx_core_portability.h">
      <Filter>Header Files</Filter>
    </ClInclude>
    <ClInclude Include="Extern\FideltyFX\sdk\include\FidelityFX\host\backends\dx12\d3dx12.h">
      <Filter>Header Files</Filter>
    </ClInclude>
    <ClInclude Include="Extern\FideltyFX\sdk\include\FidelityFX\host\backends\dx12\ffx_dx12.h">
      <Filter>Header Files</Filter>
    </ClInclude>
    <ClInclude Include="Extern\FideltyFX\sdk\include\FidelityFX\host\ffx_assert.h">
      <Filter>Header Files</Filter>
    </ClInclude>
    <ClInclude Include="Extern\FideltyFX\sdk\include\FidelityFX\host\ffx_blur.h">
      <Filter>Header Files</Filter>
    </ClInclude>
    <ClInclude Include="Extern\FideltyFX\sdk\include\FidelityFX\host\ffx_breadcrumbs.h">
      <Filter>Header Files</Filter>
    </ClInclude>
    <ClInclude Include="Extern\FideltyFX\sdk\include\FidelityFX\host\ffx_brixelizer.h">
      <Filter>Header Files</Filter>
    </ClInclude>
    <ClInclude Include="Extern\FideltyFX\sdk\include\FidelityFX\host\ffx_brixelizer_raw.h">
      <Filter>Header Files</Filter>
    </ClInclude>
    <ClInclude Include="Extern\FideltyFX\sdk\include\FidelityFX\host\ffx_brixelizergi.h">
      <Filter>Header Files</Filter>
    </ClInclude>
    <ClInclude Include="Extern\FideltyFX\sdk\include\FidelityFX\host\ffx_cacao.h">
      <Filter>Header Files</Filter>
    </ClInclude>
    <ClInclude Include="Extern\FideltyFX\sdk\include\FidelityFX\host\ffx_cas.h">
      <Filter>Header Files</Filter>
    </ClInclude>
    <ClInclude Include="Extern\FideltyFX\sdk\include\FidelityFX\host\ffx_classifier.h">
      <Filter>Header Files</Filter>
    </ClInclude>
    <ClInclude Include="Extern\FideltyFX\sdk\include\FidelityFX\host\ffx_denoiser.h">
      <Filter>Header Files</Filter>
    </ClInclude>
    <ClInclude Include="Extern\FideltyFX\sdk\include\FidelityFX\host\ffx_dof.h">
      <Filter>Header Files</Filter>
    </ClInclude>
    <ClInclude Include="Extern\FideltyFX\sdk\include\FidelityFX\host\ffx_error.h">
      <Filter>Header Files</Filter>
    </ClInclude>
    <ClInclude Include="Extern\FideltyFX\sdk\include\FidelityFX\host\ffx_frameinterpolation.h">
      <Filter>Header Files</Filter>
    </ClInclude>
    <ClInclude Include="Extern\FideltyFX\sdk\include\FidelityFX\host\ffx_fsr1.h">
      <Filter>Header Files</Filter>
    </ClInclude>
    <ClInclude Include="Extern\FideltyFX\sdk\include\FidelityFX\host\ffx_fsr2.h">
      <Filter>Header Files</Filter>
    </ClInclude>
    <ClInclude Include="Extern\FideltyFX\sdk\include\FidelityFX\host\ffx_fsr3.h">
      <Filter>Header Files</Filter>
    </ClInclude>
    <ClInclude Include="Extern\FideltyFX\sdk\include\FidelityFX\host\ffx_fsr3upscaler.h">
      <Filter>Header Files</Filter>
    </ClInclude>
    <ClInclude Include="Extern\FideltyFX\sdk\include\FidelityFX\host\ffx_fx.h">
      <Filter>Header Files</Filter>
    </ClInclude>
    <ClInclude Include="Extern\FideltyFX\sdk\include\FidelityFX\host\ffx_interface.h">
      <Filter>Header Files</Filter>
    </ClInclude>
    <ClInclude Include="Extern\FideltyFX\sdk\include\FidelityFX\host\ffx_lens.h">
      <Filter>Header Files</Filter>
    </ClInclude>
    <ClInclude Include="Extern\FideltyFX\sdk\include\FidelityFX\host\ffx_lpm.h">
      <Filter>Header Files</Filter>
    </ClInclude>
    <ClInclude Include="Extern\FideltyFX\sdk\include\FidelityFX\host\ffx_message.h">
      <Filter>Header Files</Filter>
    </ClInclude>
    <ClInclude Include="Extern\FideltyFX\sdk\include\FidelityFX\host\ffx_opticalflow.h">
      <Filter>Header Files</Filter>
    </ClInclude>
    <ClInclude Include="Extern\FideltyFX\sdk\include\FidelityFX\host\ffx_parallelsort.h">
      <Filter>Header Files</Filter>
    </ClInclude>
    <ClInclude Include="Extern\FideltyFX\sdk\include\FidelityFX\host\ffx_spd.h">
      <Filter>Header Files</Filter>
    </ClInclude>
    <ClInclude Include="Extern\FideltyFX\sdk\include\FidelityFX\host\ffx_sssr.h">
      <Filter>Header Files</Filter>
    </ClInclude>
    <ClInclude Include="Extern\FideltyFX\sdk\include\FidelityFX\host\ffx_types.h">
      <Filter>Header Files</Filter>
    </ClInclude>
    <ClInclude Include="Extern\FideltyFX\sdk\include\FidelityFX\host\ffx_util.h">
      <Filter>Header Files</Filter>
    </ClInclude>
    <ClInclude Include="Extern\FideltyFX\sdk\include\FidelityFX\host\ffx_vrs.h">
      <Filter>Header Files</Filter>
    </ClInclude>
    <ClInclude Include="Extern\imgui\backends\imgui_impl_dx12.h">
      <Filter>Header Files</Filter>
    </ClInclude>
    <ClInclude Include="Extern\imgui\backends\imgui_impl_win32.h">
      <Filter>Header Files</Filter>
    </ClInclude>
    <ClInclude Include="Extern\imgui\misc\cpp\imgui_stdlib.h">
      <Filter>Header Files</Filter>
    </ClInclude>
    <ClInclude Include="Extern\imgui\misc\single_file\imgui_single_file.h">
      <Filter>Header Files</Filter>
    </ClInclude>
    <ClInclude Include="Extern\imgui\imconfig.h">
      <Filter>Header Files</Filter>
    </ClInclude>
    <ClInclude Include="Extern\imgui\imgui.h">
      <Filter>Header Files</Filter>
    </ClInclude>
    <ClInclude Include="Extern\imgui\imgui_internal.h">
      <Filter>Header Files</Filter>
    </ClInclude>
    <ClInclude Include="Extern\imgui\imstb_rectpack.h">
      <Filter>Header Files</Filter>
    </ClInclude>
    <ClInclude Include="Extern\imgui\imstb_textedit.h">
      <Filter>Header Files</Filter>
    </ClInclude>
    <ClInclude Include="Extern\imgui\imstb_truetype.h">
      <Filter>Header Files</Filter>
    </ClInclude>
    <ClInclude Include="Extern\minhook\include\MinHook.h">
      <Filter>Header Files</Filter>
    </ClInclude>
    <ClInclude Include="Extern\minhook\src\hde\hde32.h">
      <Filter>Header Files</Filter>
    </ClInclude>
    <ClInclude Include="Extern\minhook\src\hde\hde64.h">
      <Filter>Header Files</Filter>
    </ClInclude>
    <ClInclude Include="Extern\minhook\src\hde\pstdint.h">
      <Filter>Header Files</Filter>
    </ClInclude>
    <ClInclude Include="Extern\minhook\src\hde\table32.h">
      <Filter>Header Files</Filter>
    </ClInclude>
    <ClInclude Include="Extern\minhook\src\hde\table64.h">
      <Filter>Header Files</Filter>
    </ClInclude>
    <ClInclude Include="Extern\minhook\src\buffer.h">
      <Filter>Header Files</Filter>
    </ClInclude>
    <ClInclude Include="Extern\minhook\src\trampoline.h">
      <Filter>Header Files</Filter>
    </ClInclude>
    <ClInclude Include="Include\Engine\UI\DebugOutputHook.h">
      <Filter>Header Files</Filter>
    </ClInclude>
    <ClInclude Include="Include\Engine\UI\ImGui_Layer.h">
      <Filter>Header Files</Filter>
    </ClInclude>
    <ClInclude Include="Include\Engine\UI\UIPanel.h">
      <Filter>Header Files</Filter>
    </ClInclude>
  </ItemGroup>
  <ItemGroup>
    <None Include="Include\Engine\Math\SimpleMath.inl">
      <Filter>Header Files</Filter>
    </None>
    <None Include="Extern\assimp\include\assimp\color4.inl">
      <Filter>Header Files</Filter>
    </None>
    <None Include="Extern\assimp\include\assimp\material.inl">
      <Filter>Header Files</Filter>
    </None>
    <None Include="Extern\assimp\include\assimp\matrix3x3.inl">
      <Filter>Header Files</Filter>
    </None>
    <None Include="Extern\assimp\include\assimp\matrix4x4.inl">
      <Filter>Header Files</Filter>
    </None>
    <None Include="Extern\assimp\include\assimp\quaternion.inl">
      <Filter>Header Files</Filter>
    </None>
    <None Include="Extern\assimp\include\assimp\SmoothingGroups.inl">
      <Filter>Header Files</Filter>
    </None>
    <None Include="Extern\assimp\include\assimp\vector2.inl">
      <Filter>Header Files</Filter>
    </None>
    <None Include="Extern\assimp\include\assimp\vector3.inl">
      <Filter>Header Files</Filter>
    </None>
    <None Include="src\RHI\DX12\GenerateMips_main.inc">
      <Filter>Header Files</Filter>
    </None>
    <None Include="Extern\DirectXTex\include\DirectXTex\DirectXTex.inl">
      <Filter>Header Files</Filter>
    </None>
    <None Include="packages.config" />
  </ItemGroup>
  <ItemGroup>
    <ClCompile Include="src\Core\d3dUtil.cpp">
      <Filter>Source Files</Filter>
    </ClCompile>
    <ClCompile Include="src\Core\GameTimer.cpp">
      <Filter>Source Files</Filter>
    </ClCompile>
    <ClCompile Include="src\Math\GeometryGenerator.cpp">
      <Filter>Source Files</Filter>
    </ClCompile>
    <ClCompile Include="src\Math\MathHelper.cpp">
      <Filter>Source Files</Filter>
    </ClCompile>
    <ClCompile Include="src\Math\SimpleMath.cpp">
      <Filter>Source Files</Filter>
    </ClCompile>
    <ClCompile Include="src\Render\FX\ParticleSystem.cpp">
      <Filter>Source Files</Filter>
    </ClCompile>
    <ClCompile Include="src\Render\Gbuffer.cpp">
      <Filter>Source Files</Filter>
    </ClCompile>
    <ClCompile Include="src\Render\RenderingSystem.cpp">
      <Filter>Source Files</Filter>
    </ClCompile>
    <ClCompile Include="src\Render\ShadowMap.cpp">
      <Filter>Source Files</Filter>
    </ClCompile>
    <ClCompile Include="src\RHI\DX12\DDSTextureLoader.cpp">
      <Filter>Source Files</Filter>
    </ClCompile>
    <ClCompile Include="src\RHI\DX12\DirectXHelpers.cpp">
      <Filter>Source Files</Filter>
    </ClCompile>
    <ClCompile Include="src\RHI\DX12\FrameResource.cpp">
      <Filter>Source Files</Filter>
    </ClCompile>
    <ClCompile Include="src\RHI\DX12\GraphicsMemory.cpp">
      <Filter>Source Files</Filter>
    </ClCompile>
    <ClCompile Include="src\RHI\DX12\LinearAllocator.cpp">
      <Filter>Source Files</Filter>
    </ClCompile>
    <ClCompile Include="src\RHI\DX12\pch.cpp">
      <Filter>Source Files</Filter>
    </ClCompile>
    <ClCompile Include="src\RHI\DX12\ResourceUploadBatch.cpp">
      <Filter>Source Files</Filter>
    </ClCompile>
    <ClCompile Include="src\Scene\Camera.cpp">
      <Filter>Source Files</Filter>
    </ClCompile>
    <ClCompile Include="src\RHI\DX12\stb_image_impl.cpp">
      <Filter>Source Files</Filter>
    </ClCompile>
    <ClCompile Include="src\Terrain\TerrainQuadTree.cpp">
      <Filter>Source Files</Filter>
    </ClCompile>
    <ClCompile Include="src\Terrain\TerrainRenderer.cpp">
      <Filter>Source Files</Filter>
    </ClCompile>
    <ClCompile Include="src\Terrain\TerrainTile.cpp">
      <Filter>Source Files</Filter>
    </ClCompile>
    <ClCompile Include="src\Terrain\TerrainImporter.cpp">
      <Filter>Source Files</Filter>
    </ClCompile>
    <ClCompile Include="src\Debug\DebugRenderSysImpl.cpp">
      <Filter>Source Files</Filter>
    </ClCompile>
    <ClCompile Include="src\IO\TextureImporter.cpp">
      <Filter>Source Files</Filter>
    </ClCompile>
    <ClCompile Include="src\Noise\NoiseGenerator.cpp">
      <Filter>Source Files</Filter>
    </ClCompile>
    <ClCompile Include="Extern\imgui\backends\imgui_impl_dx12.cpp">
      <Filter>Source Files</Filter>
    </ClCompile>
    <ClCompile Include="Extern\imgui\backends\imgui_impl_win32.cpp">
      <Filter>Source Files</Filter>
    </ClCompile>
    <ClCompile Include="Extern\imgui\misc\cpp\imgui_stdlib.cpp">
      <Filter>Source Files</Filter>
    </ClCompile>
    <ClCompile Include="Extern\imgui\misc\fonts\binary_to_compressed_c.cpp">
      <Filter>Source Files</Filter>
    </ClCompile>
    <ClCompile Include="Extern\imgui\imgui.cpp">
      <Filter>Source Files</Filter>
    </ClCompile>
    <ClCompile Include="Extern\imgui\imgui_demo.cpp">
      <Filter>Source Files</Filter>
    </ClCompile>
    <ClCompile Include="Extern\imgui\imgui_draw.cpp">
      <Filter>Source Files</Filter>
    </ClCompile>
    <ClCompile Include="Extern\imgui\imgui_tables.cpp">
      <Filter>Source Files</Filter>
    </ClCompile>
    <ClCompile Include="Extern\imgui\imgui_widgets.cpp">
      <Filter>Source Files</Filter>
    </ClCompile>
    <ClCompile Include="Extern\minhook\src\hde\hde32.c">
      <Filter>Source Files</Filter>
    </ClCompile>
    <ClCompile Include="Extern\minhook\src\hde\hde64.c">
      <Filter>Source Files</Filter>
    </ClCompile>
    <ClCompile Include="Extern\minhook\src\buffer.c">
      <Filter>Source Files</Filter>
    </ClCompile>
    <ClCompile Include="Extern\minhook\src\hook.c">
      <Filter>Source Files</Filter>
    </ClCompile>
    <ClCompile Include="Extern\minhook\src\trampoline.c">
      <Filter>Source Files</Filter>
    </ClCompile>
    <ClCompile Include="src\UI\DebugOutputHook.cpp">
      <Filter>Source Files</Filter>
    </ClCompile>
    <ClCompile Include="src\UI\ImGui_Layer.cpp">
      <Filter>Source Files</Filter>
    </ClCompile>
  </ItemGroup>
</Project>